
Microsoft Visual Studio Solution File, Format Version 12.00
# Visual Studio Version 17
VisualStudioVersion = 17.2.32616.157
MinimumVisualStudioVersion = 10.0.40219.1
Project("{9A19103F-16F7-4668-BE54-9A1E7A4F7556}") = "TraineeTrackerFramework", "TraineeTrackerFramework\TraineeTrackerFramework.csproj", "{26E1D678-FA8F-46B2-B46B-B733B29B0BCF}"
EndProject
Project("{FAE04EC0-301F-11D3-BF4B-00C04F79EFBC}") = "APITestFramework", "APITestFramework\APITestFramework.csproj", "{3E856D6C-DF46-4853-8FE2-98D2ADC45FC1}"
EndProject
Global
	GlobalSection(SolutionConfigurationPlatforms) = preSolution
		Debug|Any CPU = Debug|Any CPU
		Release|Any CPU = Release|Any CPU
	EndGlobalSection
	GlobalSection(ProjectConfigurationPlatforms) = postSolution
		{26E1D678-FA8F-46B2-B46B-B733B29B0BCF}.Debug|Any CPU.ActiveCfg = Debug|Any CPU
		{26E1D678-FA8F-46B2-B46B-B733B29B0BCF}.Debug|Any CPU.Build.0 = Debug|Any CPU
		{26E1D678-FA8F-46B2-B46B-B733B29B0BCF}.Release|Any CPU.ActiveCfg = Release|Any CPU
		{26E1D678-FA8F-46B2-B46B-B733B29B0BCF}.Release|Any CPU.Build.0 = Release|Any CPU
		{3E856D6C-DF46-4853-8FE2-98D2ADC45FC1}.Debug|Any CPU.ActiveCfg = Debug|Any CPU
		{3E856D6C-DF46-4853-8FE2-98D2ADC45FC1}.Debug|Any CPU.Build.0 = Debug|Any CPU
		{3E856D6C-DF46-4853-8FE2-98D2ADC45FC1}.Release|Any CPU.ActiveCfg = Release|Any CPU
		{3E856D6C-DF46-4853-8FE2-98D2ADC45FC1}.Release|Any CPU.Build.0 = Release|Any CPU
	EndGlobalSection
	GlobalSection(SolutionProperties) = preSolution
		HideSolutionNode = FALSE
	EndGlobalSection
	GlobalSection(ExtensibilityGlobals) = postSolution
		SolutionGuid = {02F92035-B6A4-476D-BAA4-064D3427F814}
	EndGlobalSection
EndGlobal
